
Microsoft Visual Studio Solution File, Format Version 12.00
# Visual Studio Version 17
VisualStudioVersion = 17.13.35507.96 d17.13
MinimumVisualStudioVersion = 10.0.40219.1
Project("{FAE04EC0-301F-11D3-BF4B-00C04F79EFBC}") = "CityBuilder", "CityBuilder\CityBuilder\CityBuilder.csproj", "{89BF4043-ACDA-4003-846F-1027045C4701}"
EndProject
Project("{FAE04EC0-301F-11D3-BF4B-00C04F79EFBC}") = "CityBuilder.Client", "CityBuilder\CityBuilder.Client\CityBuilder.Client.csproj", "{668C1197-255B-4B25-8803-4843E5106108}"
EndProject
Global
	GlobalSection(SolutionConfigurationPlatforms) = preSolution
		Debug|Any CPU = Debug|Any CPU
		Release|Any CPU = Release|Any CPU
	EndGlobalSection
	GlobalSection(ProjectConfigurationPlatforms) = postSolution
		{89BF4043-ACDA-4003-846F-1027045C4701}.Debug|Any CPU.ActiveCfg = Debug|Any CPU
		{89BF4043-ACDA-4003-846F-1027045C4701}.Debug|Any CPU.Build.0 = Debug|Any CPU
		{89BF4043-ACDA-4003-846F-1027045C4701}.Release|Any CPU.ActiveCfg = Release|Any CPU
		{89BF4043-ACDA-4003-846F-1027045C4701}.Release|Any CPU.Build.0 = Release|Any CPU
		{668C1197-255B-4B25-8803-4843E5106108}.Debug|Any CPU.ActiveCfg = Debug|Any CPU
		{668C1197-255B-4B25-8803-4843E5106108}.Debug|Any CPU.Build.0 = Debug|Any CPU
		{668C1197-255B-4B25-8803-4843E5106108}.Release|Any CPU.ActiveCfg = Release|Any CPU
		{668C1197-255B-4B25-8803-4843E5106108}.Release|Any CPU.Build.0 = Release|Any CPU
	EndGlobalSection
	GlobalSection(SolutionProperties) = preSolution
		HideSolutionNode = FALSE
	EndGlobalSection
	GlobalSection(ExtensibilityGlobals) = postSolution
		SolutionGuid = {544A4697-4CA2-42B3-BD00-7BDB27B4DAC6}
	EndGlobalSection
EndGlobal
